
Microsoft Visual Studio Solution File, Format Version 12.00
# Visual Studio Version 17
VisualStudioVersion = 17.5.33424.131
MinimumVisualStudioVersion = 10.0.40219.1
Project("{FAE04EC0-301F-11D3-BF4B-00C04F79EFBC}") = "EVSec", "EVSec.csproj", "{AF640405-E42E-44DA-B656-F1C02C11617E}"
EndProject
Global
	GlobalSection(SolutionConfigurationPlatforms) = preSolution
		Debug|Any CPU = Debug|Any CPU
		Release|Any CPU = Release|Any CPU
	EndGlobalSection
	GlobalSection(ProjectConfigurationPlatforms) = postSolution
		{AF640405-E42E-44DA-B656-F1C02C11617E}.Debug|Any CPU.ActiveCfg = Debug|Any CPU
		{AF640405-E42E-44DA-B656-F1C02C11617E}.Debug|Any CPU.Build.0 = Debug|Any CPU
		{AF640405-E42E-44DA-B656-F1C02C11617E}.Release|Any CPU.ActiveCfg = Release|Any CPU
		{AF640405-E42E-44DA-B656-F1C02C11617E}.Release|Any CPU.Build.0 = Release|Any CPU
	EndGlobalSection
	GlobalSection(SolutionProperties) = preSolution
		HideSolutionNode = FALSE
	EndGlobalSection
	GlobalSection(ExtensibilityGlobals) = postSolution
		SolutionGuid = {E759904A-1371-47F0-81C7-E17DC773925B}
	EndGlobalSection
EndGlobal
